
Microsoft Visual Studio Solution File, Format Version 12.00
# Visual Studio 15
VisualStudioVersion = 15.0.27703.2000
MinimumVisualStudioVersion = 10.0.40219.1
Project("{FAE04EC0-301F-11D3-BF4B-00C04F79EFBC}") = "IdleMouse", "IdleMouse\IdleMouse.csproj", "{3B57B4C1-10A7-47F2-A2CB-82FE642A5782}"
EndProject
Global
	GlobalSection(SolutionConfigurationPlatforms) = preSolution
		Debug|Any CPU = Debug|Any CPU
		Debug|x64 = Debug|x64
		Debug|x86 = Debug|x86
		Release|Any CPU = Release|Any CPU
		Release|x64 = Release|x64
		Release|x86 = Release|x86
	EndGlobalSection
	GlobalSection(ProjectConfigurationPlatforms) = postSolution
		{3B57B4C1-10A7-47F2-A2CB-82FE642A5782}.Debug|Any CPU.ActiveCfg = Debug|Any CPU
		{3B57B4C1-10A7-47F2-A2CB-82FE642A5782}.Debug|Any CPU.Build.0 = Debug|Any CPU
		{3B57B4C1-10A7-47F2-A2CB-82FE642A5782}.Debug|x64.ActiveCfg = Debug|Any CPU
		{3B57B4C1-10A7-47F2-A2CB-82FE642A5782}.Debug|x64.Build.0 = Debug|Any CPU
		{3B57B4C1-10A7-47F2-A2CB-82FE642A5782}.Debug|x86.ActiveCfg = Debug|Any CPU
		{3B57B4C1-10A7-47F2-A2CB-82FE642A5782}.Debug|x86.Build.0 = Debug|Any CPU
		{3B57B4C1-10A7-47F2-A2CB-82FE642A5782}.Release|Any CPU.ActiveCfg = Debug|Any CPU
		{3B57B4C1-10A7-47F2-A2CB-82FE642A5782}.Release|Any CPU.Build.0 = Debug|Any CPU
		{3B57B4C1-10A7-47F2-A2CB-82FE642A5782}.Release|x64.ActiveCfg = Debug|Any CPU
		{3B57B4C1-10A7-47F2-A2CB-82FE642A5782}.Release|x64.Build.0 = Debug|Any CPU
		{3B57B4C1-10A7-47F2-A2CB-82FE642A5782}.Release|x86.ActiveCfg = Debug|Any CPU
		{3B57B4C1-10A7-47F2-A2CB-82FE642A5782}.Release|x86.Build.0 = Debug|Any CPU
	EndGlobalSection
	GlobalSection(SolutionProperties) = preSolution
		HideSolutionNode = FALSE
	EndGlobalSection
	GlobalSection(ExtensibilityGlobals) = postSolution
		SolutionGuid = {A5224A19-F04C-4BE2-B8E9-E1B1290E7FF6}
	EndGlobalSection
EndGlobal
